
Microsoft Visual Studio Solution File, Format Version 12.00
# Visual Studio 15
VisualStudioVersion = 15.0.27703.2026
MinimumVisualStudioVersion = 10.0.40219.1
Project("{FAE04EC0-301F-11D3-BF4B-00C04F79EFBC}") = "Circustrein", "Circustrein\Circustrein.csproj", "{75F78229-C7A2-44C2-BFFF-9D00761B0218}"
EndProject
Project("{FAE04EC0-301F-11D3-BF4B-00C04F79EFBC}") = "Circustrein.DAL", "Circustrein.DAL\Circustrein.DAL.csproj", "{FC32EF42-C12B-4DEA-8DD1-0C8DE2AF13CE}"
EndProject
Project("{FAE04EC0-301F-11D3-BF4B-00C04F79EFBC}") = "Circustrein.Domain", "Circustrein.Domain\Circustrein.Domain.csproj", "{E03C2DFD-EBDB-4BA9-AE28-876BC32C23C8}"
EndProject
Project("{FAE04EC0-301F-11D3-BF4B-00C04F79EFBC}") = "Circustrein.Logic", "Circustrein.Logic\Circustrein.Logic.csproj", "{C9A8FF6C-E4AA-4B1F-BBAF-80D6928AEC0B}"
EndProject
Global
	GlobalSection(SolutionConfigurationPlatforms) = preSolution
		Debug|Any CPU = Debug|Any CPU
		Release|Any CPU = Release|Any CPU
	EndGlobalSection
	GlobalSection(ProjectConfigurationPlatforms) = postSolution
		{75F78229-C7A2-44C2-BFFF-9D00761B0218}.Debug|Any CPU.ActiveCfg = Debug|Any CPU
		{75F78229-C7A2-44C2-BFFF-9D00761B0218}.Debug|Any CPU.Build.0 = Debug|Any CPU
		{75F78229-C7A2-44C2-BFFF-9D00761B0218}.Release|Any CPU.ActiveCfg = Release|Any CPU
		{75F78229-C7A2-44C2-BFFF-9D00761B0218}.Release|Any CPU.Build.0 = Release|Any CPU
		{FC32EF42-C12B-4DEA-8DD1-0C8DE2AF13CE}.Debug|Any CPU.ActiveCfg = Debug|Any CPU
		{FC32EF42-C12B-4DEA-8DD1-0C8DE2AF13CE}.Debug|Any CPU.Build.0 = Debug|Any CPU
		{FC32EF42-C12B-4DEA-8DD1-0C8DE2AF13CE}.Release|Any CPU.ActiveCfg = Release|Any CPU
		{FC32EF42-C12B-4DEA-8DD1-0C8DE2AF13CE}.Release|Any CPU.Build.0 = Release|Any CPU
		{E03C2DFD-EBDB-4BA9-AE28-876BC32C23C8}.Debug|Any CPU.ActiveCfg = Debug|Any CPU
		{E03C2DFD-EBDB-4BA9-AE28-876BC32C23C8}.Debug|Any CPU.Build.0 = Debug|Any CPU
		{E03C2DFD-EBDB-4BA9-AE28-876BC32C23C8}.Release|Any CPU.ActiveCfg = Release|Any CPU
		{E03C2DFD-EBDB-4BA9-AE28-876BC32C23C8}.Release|Any CPU.Build.0 = Release|Any CPU
		{C9A8FF6C-E4AA-4B1F-BBAF-80D6928AEC0B}.Debug|Any CPU.ActiveCfg = Debug|Any CPU
		{C9A8FF6C-E4AA-4B1F-BBAF-80D6928AEC0B}.Debug|Any CPU.Build.0 = Debug|Any CPU
		{C9A8FF6C-E4AA-4B1F-BBAF-80D6928AEC0B}.Release|Any CPU.ActiveCfg = Release|Any CPU
		{C9A8FF6C-E4AA-4B1F-BBAF-80D6928AEC0B}.Release|Any CPU.Build.0 = Release|Any CPU
	EndGlobalSection
	GlobalSection(SolutionProperties) = preSolution
		HideSolutionNode = FALSE
	EndGlobalSection
	GlobalSection(ExtensibilityGlobals) = postSolution
		SolutionGuid = {F174B1BF-C37A-482F-A891-1F8C1BB8BFBC}
	EndGlobalSection
EndGlobal
